
Microsoft Visual Studio Solution File, Format Version 12.00
# Visual Studio Version 17
VisualStudioVersion = 17.0.31903.59
MinimumVisualStudioVersion = 10.0.40219.1
Project("{FAE04EC0-301F-11D3-BF4B-00C04F79EFBC}") = "dmv-training-app", "dmv-training-app\dmv-training-app.csproj", "{35782E77-C8DB-3CD8-7B62-41D43ABF788E}"
EndProject
Global
	GlobalSection(SolutionConfigurationPlatforms) = preSolution
		Debug|Any CPU = Debug|Any CPU
		Debug|x64 = Debug|x64
		Debug|x86 = Debug|x86
		Release|Any CPU = Release|Any CPU
		Release|x64 = Release|x64
		Release|x86 = Release|x86
	EndGlobalSection
	GlobalSection(ProjectConfigurationPlatforms) = postSolution
		{35782E77-C8DB-3CD8-7B62-41D43ABF788E}.Debug|Any CPU.ActiveCfg = Debug|Any CPU
		{35782E77-C8DB-3CD8-7B62-41D43ABF788E}.Debug|Any CPU.Build.0 = Debug|Any CPU
		{35782E77-C8DB-3CD8-7B62-41D43ABF788E}.Debug|x64.ActiveCfg = Debug|Any CPU
		{35782E77-C8DB-3CD8-7B62-41D43ABF788E}.Debug|x64.Build.0 = Debug|Any CPU
		{35782E77-C8DB-3CD8-7B62-41D43ABF788E}.Debug|x86.ActiveCfg = Debug|Any CPU
		{35782E77-C8DB-3CD8-7B62-41D43ABF788E}.Debug|x86.Build.0 = Debug|Any CPU
		{35782E77-C8DB-3CD8-7B62-41D43ABF788E}.Release|Any CPU.ActiveCfg = Release|Any CPU
		{35782E77-C8DB-3CD8-7B62-41D43ABF788E}.Release|Any CPU.Build.0 = Release|Any CPU
		{35782E77-C8DB-3CD8-7B62-41D43ABF788E}.Release|x64.ActiveCfg = Release|Any CPU
		{35782E77-C8DB-3CD8-7B62-41D43ABF788E}.Release|x64.Build.0 = Release|Any CPU
		{35782E77-C8DB-3CD8-7B62-41D43ABF788E}.Release|x86.ActiveCfg = Release|Any CPU
		{35782E77-C8DB-3CD8-7B62-41D43ABF788E}.Release|x86.Build.0 = Release|Any CPU
	EndGlobalSection
	GlobalSection(SolutionProperties) = preSolution
		HideSolutionNode = FALSE
	EndGlobalSection
	GlobalSection(ExtensibilityGlobals) = postSolution
		SolutionGuid = {330F7C57-85BE-463A-98BF-94F88BFEBBDC}
	EndGlobalSection
EndGlobal
